
Microsoft Visual Studio Solution File, Format Version 12.00
# Visual Studio 15
VisualStudioVersion = 15.0.28307.645
MinimumVisualStudioVersion = 10.0.40219.1
Project("{9A19103F-16F7-4668-BE54-9A1E7A4F7556}") = "Gruppo", "Gruppo\Gruppo.csproj", "{27735CC2-8512-4A70-9413-1970E38E236D}"
EndProject
Project("{9A19103F-16F7-4668-BE54-9A1E7A4F7556}") = "GruppoTests", "GruppoTests\GruppoTests.csproj", "{BE837BDA-A454-495B-97D0-255B76B60D19}"
EndProject
Project("{9A19103F-16F7-4668-BE54-9A1E7A4F7556}") = "GruppoSDK", "GruppoClient\GruppoSDK.csproj", "{7B45F0C9-6695-4C71-8359-D294F764DABC}"
EndProject
Global
	GlobalSection(SolutionConfigurationPlatforms) = preSolution
		Debug|Any CPU = Debug|Any CPU
		Release|Any CPU = Release|Any CPU
	EndGlobalSection
	GlobalSection(ProjectConfigurationPlatforms) = postSolution
		{27735CC2-8512-4A70-9413-1970E38E236D}.Debug|Any CPU.ActiveCfg = Debug|Any CPU
		{27735CC2-8512-4A70-9413-1970E38E236D}.Debug|Any CPU.Build.0 = Debug|Any CPU
		{27735CC2-8512-4A70-9413-1970E38E236D}.Release|Any CPU.ActiveCfg = Release|Any CPU
		{27735CC2-8512-4A70-9413-1970E38E236D}.Release|Any CPU.Build.0 = Release|Any CPU
		{BE837BDA-A454-495B-97D0-255B76B60D19}.Debug|Any CPU.ActiveCfg = Debug|Any CPU
		{BE837BDA-A454-495B-97D0-255B76B60D19}.Debug|Any CPU.Build.0 = Debug|Any CPU
		{BE837BDA-A454-495B-97D0-255B76B60D19}.Release|Any CPU.ActiveCfg = Release|Any CPU
		{BE837BDA-A454-495B-97D0-255B76B60D19}.Release|Any CPU.Build.0 = Release|Any CPU
		{7B45F0C9-6695-4C71-8359-D294F764DABC}.Debug|Any CPU.ActiveCfg = Debug|Any CPU
		{7B45F0C9-6695-4C71-8359-D294F764DABC}.Debug|Any CPU.Build.0 = Debug|Any CPU
		{7B45F0C9-6695-4C71-8359-D294F764DABC}.Release|Any CPU.ActiveCfg = Release|Any CPU
		{7B45F0C9-6695-4C71-8359-D294F764DABC}.Release|Any CPU.Build.0 = Release|Any CPU
	EndGlobalSection
	GlobalSection(SolutionProperties) = preSolution
		HideSolutionNode = FALSE
	EndGlobalSection
	GlobalSection(ExtensibilityGlobals) = postSolution
		SolutionGuid = {095D741D-DEEE-4B94-AA52-8EC9A8DCD196}
	EndGlobalSection
EndGlobal
